
Microsoft Visual Studio Solution File, Format Version 12.00
# Visual Studio Version 17
VisualStudioVersion = 17.8.34408.163
MinimumVisualStudioVersion = 10.0.40219.1
Project("{F2A71F9B-5D33-465A-A702-920D77279786}") = "Hbie", "Hbie\Hbie.fsproj", "{D86CF08A-20E5-4235-AB9A-3E11913221FD}"
EndProject
Global
	GlobalSection(SolutionConfigurationPlatforms) = preSolution
		Debug|Any CPU = Debug|Any CPU
		Release|Any CPU = Release|Any CPU
	EndGlobalSection
	GlobalSection(ProjectConfigurationPlatforms) = postSolution
		{D86CF08A-20E5-4235-AB9A-3E11913221FD}.Debug|Any CPU.ActiveCfg = Debug|Any CPU
		{D86CF08A-20E5-4235-AB9A-3E11913221FD}.Debug|Any CPU.Build.0 = Debug|Any CPU
		{D86CF08A-20E5-4235-AB9A-3E11913221FD}.Release|Any CPU.ActiveCfg = Release|Any CPU
		{D86CF08A-20E5-4235-AB9A-3E11913221FD}.Release|Any CPU.Build.0 = Release|Any CPU
	EndGlobalSection
	GlobalSection(SolutionProperties) = preSolution
		HideSolutionNode = FALSE
	EndGlobalSection
	GlobalSection(ExtensibilityGlobals) = postSolution
		SolutionGuid = {2B26CD75-03B8-41F1-A97E-FD32C590CF70}
	EndGlobalSection
EndGlobal
